[[package]]
category = "main"
description = "In-process task scheduler with Cron-like capabilities"
name = "apscheduler"
optional = true
python-versions = "*"
version = "3.6.3"

[package.dependencies]
pytz = "*"
setuptools = ">=0.7"
six = ">=1.4.0"
tzlocal = ">=1.2"

[package.extras]
asyncio = ["trollius"]
doc = ["sphinx", "sphinx-rtd-theme"]
gevent = ["gevent"]
mongodb = ["pymongo (>=2.8)"]
redis = ["redis (>=3.0)"]
rethinkdb = ["rethinkdb (>=2.4.0)"]
sqlalchemy = ["sqlalchemy (>=0.8)"]
testing = ["pytest", "pytest-cov", "pytest-tornado5", "mock", "pytest-asyncio (<0.6)", "pytest-asyncio"]
tornado = ["tornado (>=4.3)"]
twisted = ["twisted"]
zookeeper = ["kazoo"]

[package.source]
reference = "aliyun"
type = "legacy"
url = "https://mirrors.aliyun.com/pypi/simple"

[[package]]
category = "main"
description = "World timezone definitions, modern and historical"
name = "pytz"
optional = true
python-versions = "*"
version = "2020.1"

[package.source]
reference = "aliyun"
type = "legacy"
url = "https://mirrors.aliyun.com/pypi/simple"

[[package]]
category = "main"
description = "Python 2 and 3 compatibility utilities"
name = "six"
optional = true
python-versions = ">=2.7, !=3.0.*, !=3.1.*, !=3.2.*"
version = "1.15.0"

[package.source]
reference = "aliyun"
type = "legacy"
url = "https://mirrors.aliyun.com/pypi/simple"

[[package]]
category = "main"
description = "tzinfo object for the local timezone"
name = "tzlocal"
optional = true
python-versions = "*"
version = "2.1"

[package.dependencies]
pytz = "*"

[package.source]
reference = "aliyun"
type = "legacy"
url = "https://mirrors.aliyun.com/pypi/simple"

[[package]]
category = "dev"
description = "A formatter for Python code."
name = "yapf"
optional = false
python-versions = "*"
version = "0.30.0"

[package.source]
reference = "aliyun"
type = "legacy"
url = "https://mirrors.aliyun.com/pypi/simple"

[extras]
scheduler = ["apscheduler"]

[metadata]
content-hash = "1cf1db5856a5f3e46484122795ab0da8f579d1ca907ce62b67869f77196f640f"
python-versions = "^3.7"

[metadata.files]
apscheduler = [
    {file = "APScheduler-3.6.3-py2.py3-none-any.whl", hash = "sha256:e8b1ecdb4c7cb2818913f766d5898183c7cb8936680710a4d3a966e02262e526"},
    {file = "APScheduler-3.6.3.tar.gz", hash = "sha256:3bb5229eed6fbbdafc13ce962712ae66e175aa214c69bed35a06bffcf0c5e244"},
]
pytz = [
    {file = "pytz-2020.1-py2.py3-none-any.whl", hash = "sha256:a494d53b6d39c3c6e44c3bec237336e14305e4f29bbf800b599253057fbb79ed"},
    {file = "pytz-2020.1.tar.gz", hash = "sha256:c35965d010ce31b23eeb663ed3cc8c906275d6be1a34393a1d73a41febf4a048"},
]
six = [
    {file = "six-1.15.0-py2.py3-none-any.whl", hash = "sha256:8b74bedcbbbaca38ff6d7491d76f2b06b3592611af620f8426e82dddb04a5ced"},
    {file = "six-1.15.0.tar.gz", hash = "sha256:30639c035cdb23534cd4aa2dd52c3bf48f06e5f4a941509c8bafd8ce11080259"},
]
tzlocal = [
    {file = "tzlocal-2.1-py2.py3-none-any.whl", hash = "sha256:e2cb6c6b5b604af38597403e9852872d7f534962ae2954c7f35efcb1ccacf4a4"},
    {file = "tzlocal-2.1.tar.gz", hash = "sha256:643c97c5294aedc737780a49d9df30889321cbe1204eac2c2ec6134035a92e44"},
]
yapf = [
    {file = "yapf-0.30.0-py2.py3-none-any.whl", hash = "sha256:3abf61ba67cf603069710d30acbc88cfe565d907e16ad81429ae90ce9651e0c9"},
    {file = "yapf-0.30.0.tar.gz", hash = "sha256:3000abee4c28daebad55da6c85f3cd07b8062ce48e2e9943c8da1b9667d48427"},
]
